
Microsoft Visual Studio Solution File, Format Version 12.00
# Visual Studio Version 17
VisualStudioVersion = 17.1.32421.90
MinimumVisualStudioVersion = 10.0.40219.1
Project("{FAE04EC0-301F-11D3-BF4B-00C04F79EFBC}") = "ConsoleApp1", "ConsoleApp1.csproj", "{E211FB11-1BF9-486F-9472-4345FEEE9FB7}"
EndProject
Global
	GlobalSection(SolutionConfigurationPlatforms) = preSolution
		Debug|Any CPU = Debug|Any CPU
		Release|Any CPU = Release|Any CPU
	EndGlobalSection
	GlobalSection(ProjectConfigurationPlatforms) = postSolution
		{E211FB11-1BF9-486F-9472-4345FEEE9FB7}.Debug|Any CPU.ActiveCfg = Debug|Any CPU
		{E211FB11-1BF9-486F-9472-4345FEEE9FB7}.Debug|Any CPU.Build.0 = Debug|Any CPU
		{E211FB11-1BF9-486F-9472-4345FEEE9FB7}.Release|Any CPU.ActiveCfg = Release|Any CPU
		{E211FB11-1BF9-486F-9472-4345FEEE9FB7}.Release|Any CPU.Build.0 = Release|Any CPU
	EndGlobalSection
	GlobalSection(SolutionProperties) = preSolution
		HideSolutionNode = FALSE
	EndGlobalSection
	GlobalSection(ExtensibilityGlobals) = postSolution
		SolutionGuid = {46AEC7A9-95F7-4BD5-86A8-8F798E6E0E8C}
	EndGlobalSection
EndGlobal
